
Microsoft Visual Studio Solution File, Format Version 12.00
# Visual Studio Version 17
VisualStudioVersion = 17.3.32922.545
MinimumVisualStudioVersion = 10.0.40219.1
Project("{FAE04EC0-301F-11D3-BF4B-00C04F79EFBC}") = "out key", "out key\out key.csproj", "{1359D8B6-66F8-4F55-91B6-DC1F4424382C}"
EndProject
Global
	GlobalSection(SolutionConfigurationPlatforms) = preSolution
		Debug|Any CPU = Debug|Any CPU
		Release|Any CPU = Release|Any CPU
	EndGlobalSection
	GlobalSection(ProjectConfigurationPlatforms) = postSolution
		{1359D8B6-66F8-4F55-91B6-DC1F4424382C}.Debug|Any CPU.ActiveCfg = Debug|Any CPU
		{1359D8B6-66F8-4F55-91B6-DC1F4424382C}.Debug|Any CPU.Build.0 = Debug|Any CPU
		{1359D8B6-66F8-4F55-91B6-DC1F4424382C}.Release|Any CPU.ActiveCfg = Release|Any CPU
		{1359D8B6-66F8-4F55-91B6-DC1F4424382C}.Release|Any CPU.Build.0 = Release|Any CPU
	EndGlobalSection
	GlobalSection(SolutionProperties) = preSolution
		HideSolutionNode = FALSE
	EndGlobalSection
	GlobalSection(ExtensibilityGlobals) = postSolution
		SolutionGuid = {522D3AD4-8294-4624-9668-044D02820164}
	EndGlobalSection
EndGlobal
